
Microsoft Visual Studio Solution File, Format Version 12.00
# Visual Studio Version 17
VisualStudioVersion = 17.1.32328.378
MinimumVisualStudioVersion = 10.0.40219.1
Project("{FAE04EC0-301F-11D3-BF4B-00C04F79EFBC}") = "RunawayButton", "RunawayButton\RunawayButton.csproj", "{47B4859E-C385-45A0-8DB5-B5BEE185D365}"
EndProject
Global
	GlobalSection(SolutionConfigurationPlatforms) = preSolution
		Debug|Any CPU = Debug|Any CPU
		Release|Any CPU = Release|Any CPU
	EndGlobalSection
	GlobalSection(ProjectConfigurationPlatforms) = postSolution
		{47B4859E-C385-45A0-8DB5-B5BEE185D365}.Debug|Any CPU.ActiveCfg = Debug|Any CPU
		{47B4859E-C385-45A0-8DB5-B5BEE185D365}.Debug|Any CPU.Build.0 = Debug|Any CPU
		{47B4859E-C385-45A0-8DB5-B5BEE185D365}.Release|Any CPU.ActiveCfg = Release|Any CPU
		{47B4859E-C385-45A0-8DB5-B5BEE185D365}.Release|Any CPU.Build.0 = Release|Any CPU
	EndGlobalSection
	GlobalSection(SolutionProperties) = preSolution
		HideSolutionNode = FALSE
	EndGlobalSection
	GlobalSection(ExtensibilityGlobals) = postSolution
		SolutionGuid = {99C5DCA4-1DFC-47BD-B133-816D05B50F05}
	EndGlobalSection
EndGlobal
